
Microsoft Visual Studio Solution File, Format Version 12.00
# Visual Studio Version 17
VisualStudioVersion = 17.2.32519.379
MinimumVisualStudioVersion = 10.0.40219.1
Project("{FAE04EC0-301F-11D3-BF4B-00C04F79EFBC}") = "BasicFunctionalPrograms", "BasicFunctionalPrograms\BasicFunctionalPrograms.csproj", "{7522D230-9EBC-4631-BC5A-20C6820BF366}"
EndProject
Global
	GlobalSection(SolutionConfigurationPlatforms) = preSolution
		Debug|Any CPU = Debug|Any CPU
		Release|Any CPU = Release|Any CPU
	EndGlobalSection
	GlobalSection(ProjectConfigurationPlatforms) = postSolution
		{7522D230-9EBC-4631-BC5A-20C6820BF366}.Debug|Any CPU.ActiveCfg = Debug|Any CPU
		{7522D230-9EBC-4631-BC5A-20C6820BF366}.Debug|Any CPU.Build.0 = Debug|Any CPU
		{7522D230-9EBC-4631-BC5A-20C6820BF366}.Release|Any CPU.ActiveCfg = Release|Any CPU
		{7522D230-9EBC-4631-BC5A-20C6820BF366}.Release|Any CPU.Build.0 = Release|Any CPU
	EndGlobalSection
	GlobalSection(SolutionProperties) = preSolution
		HideSolutionNode = FALSE
	EndGlobalSection
	GlobalSection(ExtensibilityGlobals) = postSolution
		SolutionGuid = {AE8734F4-79D0-49BD-9454-BB29F98077B9}
	EndGlobalSection
EndGlobal
